
Microsoft Visual Studio Solution File, Format Version 12.00
# Visual Studio Version 17
VisualStudioVersion = 17.2.32516.85
MinimumVisualStudioVersion = 10.0.40219.1
Project("{FAE04EC0-301F-11D3-BF4B-00C04F79EFBC}") = "mailunch", "mailunch.csproj", "{BC9E41E6-622A-4BC1-BE2C-E791AEBD5214}"
EndProject
Global
	GlobalSection(SolutionConfigurationPlatforms) = preSolution
		Debug|Any CPU = Debug|Any CPU
		Release|Any CPU = Release|Any CPU
	EndGlobalSection
	GlobalSection(ProjectConfigurationPlatforms) = postSolution
		{BC9E41E6-622A-4BC1-BE2C-E791AEBD5214}.Debug|Any CPU.ActiveCfg = Debug|Any CPU
		{BC9E41E6-622A-4BC1-BE2C-E791AEBD5214}.Debug|Any CPU.Build.0 = Debug|Any CPU
		{BC9E41E6-622A-4BC1-BE2C-E791AEBD5214}.Release|Any CPU.ActiveCfg = Release|Any CPU
		{BC9E41E6-622A-4BC1-BE2C-E791AEBD5214}.Release|Any CPU.Build.0 = Release|Any CPU
	EndGlobalSection
	GlobalSection(SolutionProperties) = preSolution
		HideSolutionNode = FALSE
	EndGlobalSection
	GlobalSection(ExtensibilityGlobals) = postSolution
		SolutionGuid = {E26D8FBD-26C6-46C4-B4CA-2104C95271C5}
	EndGlobalSection
EndGlobal
