
Microsoft Visual Studio Solution File, Format Version 12.00
# Visual Studio Version 17
VisualStudioVersion = 17.2.32516.85
MinimumVisualStudioVersion = 10.0.40219.1
Project("{FAE04EC0-301F-11D3-BF4B-00C04F79EFBC}") = "sii", "sii.csproj", "{83C0B91E-315F-4A52-A32B-8D34BA462B18}"
EndProject
Global
	GlobalSection(SolutionConfigurationPlatforms) = preSolution
		Debug|Any CPU = Debug|Any CPU
		Release|Any CPU = Release|Any CPU
	EndGlobalSection
	GlobalSection(ProjectConfigurationPlatforms) = postSolution
		{83C0B91E-315F-4A52-A32B-8D34BA462B18}.Debug|Any CPU.ActiveCfg = Debug|Any CPU
		{83C0B91E-315F-4A52-A32B-8D34BA462B18}.Debug|Any CPU.Build.0 = Debug|Any CPU
		{83C0B91E-315F-4A52-A32B-8D34BA462B18}.Release|Any CPU.ActiveCfg = Release|Any CPU
		{83C0B91E-315F-4A52-A32B-8D34BA462B18}.Release|Any CPU.Build.0 = Release|Any CPU
	EndGlobalSection
	GlobalSection(SolutionProperties) = preSolution
		HideSolutionNode = FALSE
	EndGlobalSection
	GlobalSection(ExtensibilityGlobals) = postSolution
		SolutionGuid = {1B5804F6-C5A8-47D9-A132-BA6035506B76}
	EndGlobalSection
EndGlobal
